
Microsoft Visual Studio Solution File, Format Version 12.00
# Visual Studio Version 17
VisualStudioVersion = 17.10.35122.118
MinimumVisualStudioVersion = 10.0.40219.1
Project("{FAE04EC0-301F-11D3-BF4B-00C04F79EFBC}") = "Ex03.GarageLogic", "Ex03.GarageLogic\Ex03.GarageLogic.csproj", "{44A87C87-7A42-43F9-A253-0C5707D5F2C0}"
EndProject
Project("{FAE04EC0-301F-11D3-BF4B-00C04F79EFBC}") = "Ex03.ConsoleUI", "Ex03.ConsoleUI\Ex03.ConsoleUI.csproj", "{B9561593-2071-4085-92C4-9113F936DB2B}"
EndProject
Global
	GlobalSection(SolutionConfigurationPlatforms) = preSolution
		Debug|Any CPU = Debug|Any CPU
		Release|Any CPU = Release|Any CPU
	EndGlobalSection
	GlobalSection(ProjectConfigurationPlatforms) = postSolution
		{44A87C87-7A42-43F9-A253-0C5707D5F2C0}.Debug|Any CPU.ActiveCfg = Debug|Any CPU
		{44A87C87-7A42-43F9-A253-0C5707D5F2C0}.Debug|Any CPU.Build.0 = Debug|Any CPU
		{44A87C87-7A42-43F9-A253-0C5707D5F2C0}.Release|Any CPU.ActiveCfg = Release|Any CPU
		{44A87C87-7A42-43F9-A253-0C5707D5F2C0}.Release|Any CPU.Build.0 = Release|Any CPU
		{B9561593-2071-4085-92C4-9113F936DB2B}.Debug|Any CPU.ActiveCfg = Debug|Any CPU
		{B9561593-2071-4085-92C4-9113F936DB2B}.Debug|Any CPU.Build.0 = Debug|Any CPU
		{B9561593-2071-4085-92C4-9113F936DB2B}.Release|Any CPU.ActiveCfg = Release|Any CPU
		{B9561593-2071-4085-92C4-9113F936DB2B}.Release|Any CPU.Build.0 = Release|Any CPU
	EndGlobalSection
	GlobalSection(SolutionProperties) = preSolution
		HideSolutionNode = FALSE
	EndGlobalSection
	GlobalSection(ExtensibilityGlobals) = postSolution
		SolutionGuid = {082DF8C9-9E85-48F2-8F1E-BD7FCBDF120C}
	EndGlobalSection
EndGlobal
